
Microsoft Visual Studio Solution File, Format Version 12.00
# Visual Studio Version 16
VisualStudioVersion = 16.0.30717.126
MinimumVisualStudioVersion = 10.0.40219.1
Project("{FAE04EC0-301F-11D3-BF4B-00C04F79EFBC}") = "AddressBookADO", "AddressBookADO\AddressBookADO.csproj", "{AE91761E-436B-4084-8F93-A7172E2CE874}"
EndProject
Global
	GlobalSection(SolutionConfigurationPlatforms) = preSolution
		Debug|Any CPU = Debug|Any CPU
		Release|Any CPU = Release|Any CPU
	EndGlobalSection
	GlobalSection(ProjectConfigurationPlatforms) = postSolution
		{AE91761E-436B-4084-8F93-A7172E2CE874}.Debug|Any CPU.ActiveCfg = Debug|Any CPU
		{AE91761E-436B-4084-8F93-A7172E2CE874}.Debug|Any CPU.Build.0 = Debug|Any CPU
		{AE91761E-436B-4084-8F93-A7172E2CE874}.Release|Any CPU.ActiveCfg = Release|Any CPU
		{AE91761E-436B-4084-8F93-A7172E2CE874}.Release|Any CPU.Build.0 = Release|Any CPU
	EndGlobalSection
	GlobalSection(SolutionProperties) = preSolution
		HideSolutionNode = FALSE
	EndGlobalSection
	GlobalSection(ExtensibilityGlobals) = postSolution
		SolutionGuid = {92FE132A-745E-42C5-8C71-451DC50904AE}
	EndGlobalSection
EndGlobal
